
Microsoft Visual Studio Solution File, Format Version 12.00
# Visual Studio Version 17
VisualStudioVersion = 17.5.33530.505
MinimumVisualStudioVersion = 10.0.40219.1
Project("{FAE04EC0-301F-11D3-BF4B-00C04F79EFBC}") = "Simulador disco duro", "Simulador disco duro\Simulador disco duro.csproj", "{715B7D4B-72F2-40B6-811C-D536BFE130D5}"
EndProject
Global
	GlobalSection(SolutionConfigurationPlatforms) = preSolution
		Debug|Any CPU = Debug|Any CPU
		Release|Any CPU = Release|Any CPU
	EndGlobalSection
	GlobalSection(ProjectConfigurationPlatforms) = postSolution
		{715B7D4B-72F2-40B6-811C-D536BFE130D5}.Debug|Any CPU.ActiveCfg = Debug|Any CPU
		{715B7D4B-72F2-40B6-811C-D536BFE130D5}.Debug|Any CPU.Build.0 = Debug|Any CPU
		{715B7D4B-72F2-40B6-811C-D536BFE130D5}.Release|Any CPU.ActiveCfg = Release|Any CPU
		{715B7D4B-72F2-40B6-811C-D536BFE130D5}.Release|Any CPU.Build.0 = Release|Any CPU
	EndGlobalSection
	GlobalSection(SolutionProperties) = preSolution
		HideSolutionNode = FALSE
	EndGlobalSection
	GlobalSection(ExtensibilityGlobals) = postSolution
		SolutionGuid = {C71CBD17-85F0-4FB1-9DF4-A5163FAD6AA1}
	EndGlobalSection
EndGlobal
